{
  "name": "easy-cache-manager",
  "version": "2.0.0",
  "lockfileVersion": 1,
  "requires": true,
  "dependencies": {
    "bluebird": {
      "version": "3.5.1",
      "resolved": "https://registry.npmjs.org/bluebird/-/bluebird-3.5.1.tgz",
      "integrity": "sha512-MKiLiV+I1AA596t9w1sQJ8jkiSr5+ZKi0WKrYGUn6d1Fx+Ij4tIj+m2WMQSGczs5jZVxV339chE8iwk6F64wjA=="
    },
    "connman": {
      "version": "1.0.0",
      "resolved": "https://registry.npmjs.org/connman/-/connman-1.0.0.tgz",
      "integrity": "sha1-lwl+x8crrh6nReu22dzDlQgMgkA="
    },
    "mc": {
      "version": "1.0.6",
      "resolved": "https://registry.npmjs.org/mc/-/mc-1.0.6.tgz",
      "integrity": "sha1-0K2KCi4P91kivv2TXWIrbIJnqAo=",
      "requires": {
        "connman": "1.0.0"
      }
    }
  }
}
